// !$*UTF8*$!
{
	archiveVersion = 1;
	classes = {
	};
	objectVersion = 56;
	objects = {

/* Begin PBXBuildFile section */
		4A3285412C1F32010015C165 /* Config.swift in Sources */ = {isa = PBXBuildFile; fileRef = 4A3285402C1F32010015C165 /* Config.swift */; };
		4A3285492C25F0F50015C165 /* WeatherView.swift in Sources */ = {isa = PBXBuildFile; fileRef = 4A3285482C25F0F50015C165 /* WeatherView.swift */; };
		4A32854B2C25F1350015C165 /* Weather.swift in Sources */ = {isa = PBXBuildFile; fileRef = 4A32854A2C25F1350015C165 /* Weather.swift */; };
		4A32854D2C25F2910015C165 /* Location.swift in Sources */ = {isa = PBXBuildFile; fileRef = 4A32854C2C25F2910015C165 /* Location.swift */; };
		4A3285512C25F7B00015C165 /* ApiEndpoint.swift in Sources */ = {isa = PBXBuildFile; fileRef = 4A3285502C25F7B00015C165 /* ApiEndpoint.swift */; };
		4A3285532C25FA4B0015C165 /* GeoCodingClient.swift in Sources */ = {isa = PBXBuildFile; fileRef = 4A3285522C25FA4B0015C165 /* GeoCodingClient.swift */; };
		4A3285552C25FF590015C165 /* WeatherClient.swift in Sources */ = {isa = PBXBuildFile; fileRef = 4A3285542C25FF590015C165 /* WeatherClient.swift */; };
		4A3285572C2607A50015C165 /* Constants.swift in Sources */ = {isa = PBXBuildFile; fileRef = 4A3285562C2607A50015C165 /* Constants.swift */; };
		4A6A7AA32C1D74E500B9288C /* SpeeltuinApp.swift in Sources */ = {isa = PBXBuildFile; fileRef = 4A6A7AA22C1D74E500B9288C /* SpeeltuinApp.swift */; };
		4A6A7AA52C1D74E500B9288C /* ContentView.swift in Sources */ = {isa = PBXBuildFile; fileRef = 4A6A7AA42C1D74E500B9288C /* ContentView.swift */; };
		4A6A7AA72C1D74E600B9288C /* Assets.xcassets in Resources */ = {isa = PBXBuildFile; fileRef = 4A6A7AA62C1D74E600B9288C /* Assets.xcassets */; };
		4A6A7AAA2C1D74E600B9288C /* Preview Assets.xcassets in Resources */ = {isa = PBXBuildFile; fileRef = 4A6A7AA92C1D74E600B9288C /* Preview Assets.xcassets */; };
		4A6A7AB42C1D74E600B9288C /* SpeeltuinTests.swift in Sources */ = {isa = PBXBuildFile; fileRef = 4A6A7AB32C1D74E600B9288C /* SpeeltuinTests.swift */; };
		4A6A7ABE2C1D74E600B9288C /* SpeeltuinUITests.swift in Sources */ = {isa = PBXBuildFile; fileRef = 4A6A7ABD2C1D74E600B9288C /* SpeeltuinUITests.swift */; };
		4A6A7AC02C1D74E600B9288C /* SpeeltuinUITestsLaunchTests.swift in Sources */ = {isa = PBXBuildFile; fileRef = 4A6A7ABF2C1D74E600B9288C /* SpeeltuinUITestsLaunchTests.swift */; };
		4A6A7AD12C1D772E00B9288C /* Topic.swift in Sources */ = {isa = PBXBuildFile; fileRef = 4A6A7AD02C1D772E00B9288C /* Topic.swift */; };
		4A6A7ADA2C1D782400B9288C /* TopicTextView.swift in Sources */ = {isa = PBXBuildFile; fileRef = 4A6A7AD92C1D782400B9288C /* TopicTextView.swift */; };
		4A6A7ADC2C1D783300B9288C /* TopicImageView.swift in Sources */ = {isa = PBXBuildFile; fileRef = 4A6A7ADB2C1D783300B9288C /* TopicImageView.swift */; };
		4A6A7ADE2C1D784900B9288C /* TopicListView.swift in Sources */ = {isa = PBXBuildFile; fileRef = 4A6A7ADD2C1D784900B9288C /* TopicListView.swift */; };
		4A84FFC62C1DAFA500B15121 /* BaseTopicView.swift in Sources */ = {isa = PBXBuildFile; fileRef = 4A84FFC52C1DAFA500B15121 /* BaseTopicView.swift */; };
		4A84FFC82C1DB0B700B15121 /* README.md in Resources */ = {isa = PBXBuildFile; fileRef = 4A84FFC72C1DB0B700B15121 /* README.md */; };
		4A84FFCB2C1DB3EA00B15121 /* TopicStateView.swift in Sources */ = {isa = PBXBuildFile; fileRef = 4A84FFCA2C1DB3EA00B15121 /* TopicStateView.swift */; };
		4A84FFCD2C1DD12A00B15121 /* TopicStateViewList.swift in Sources */ = {isa = PBXBuildFile; fileRef = 4A84FFCC2C1DD12A00B15121 /* TopicStateViewList.swift */; };
		4A84FFD02C1DD33700B15121 /* TopicStateViewListButton.swift in Sources */ = {isa = PBXBuildFile; fileRef = 4A84FFCF2C1DD33700B15121 /* TopicStateViewListButton.swift */; };
		4A84FFD32C1F0B4500B15121 /* AppStateObject.swift in Sources */ = {isa = PBXBuildFile; fileRef = 4A84FFD22C1F0B4500B15121 /* AppStateObject.swift */; };
		4A84FFD52C1F261200B15121 /* EnvironmentViewNew.swift in Sources */ = {isa = PBXBuildFile; fileRef = 4A84FFD42C1F261200B15121 /* EnvironmentViewNew.swift */; };
		4A84FFD72C1F268D00B15121 /* EnvironmentViewOld.swift in Sources */ = {isa = PBXBuildFile; fileRef = 4A84FFD62C1F268D00B15121 /* EnvironmentViewOld.swift */; };
/* End PBXBuildFile section */

/* Begin PBXContainerItemProxy section */
		4A6A7AB02C1D74E600B9288C /* PBXContainerItemProxy */ = {
			isa = PBXContainerItemProxy;
			containerPortal = 4A6A7A972C1D74E500B9288C /* Project object */;
			proxyType = 1;
			remoteGlobalIDString = 4A6A7A9E2C1D74E500B9288C;
			remoteInfo = Speeltuin;
		};
		4A6A7ABA2C1D74E600B9288C /* PBXContainerItemProxy */ = {
			isa = PBXContainerItemProxy;
			containerPortal = 4A6A7A972C1D74E500B9288C /* Project object */;
			proxyType = 1;
			remoteGlobalIDString = 4A6A7A9E2C1D74E500B9288C;
			remoteInfo = Speeltuin;
		};
/* End PBXContainerItemProxy section */

/* Begin PBXFileReference section */
		4A3285402C1F32010015C165 /* Config.swift */ = {isa = PBXFileReference; lastKnownFileType = sourcecode.swift; path = Config.swift; sourceTree = "<group>"; };
		4A3285482C25F0F50015C165 /* WeatherView.swift */ = {isa = PBXFileReference; lastKnownFileType = sourcecode.swift; path = WeatherView.swift; sourceTree = "<group>"; };
		4A32854A2C25F1350015C165 /* Weather.swift */ = {isa = PBXFileReference; lastKnownFileType = sourcecode.swift; path = Weather.swift; sourceTree = "<group>"; };
		4A32854C2C25F2910015C165 /* Location.swift */ = {isa = PBXFileReference; lastKnownFileType = sourcecode.swift; path = Location.swift; sourceTree = "<group>"; };
		4A3285502C25F7B00015C165 /* ApiEndpoint.swift */ = {isa = PBXFileReference; lastKnownFileType = sourcecode.swift; path = ApiEndpoint.swift; sourceTree = "<group>"; };
		4A3285522C25FA4B0015C165 /* GeoCodingClient.swift */ = {isa = PBXFileReference; lastKnownFileType = sourcecode.swift; path = GeoCodingClient.swift; sourceTree = "<group>"; };
		4A3285542C25FF590015C165 /* WeatherClient.swift */ = {isa = PBXFileReference; lastKnownFileType = sourcecode.swift; path = WeatherClient.swift; sourceTree = "<group>"; };
		4A3285562C2607A50015C165 /* Constants.swift */ = {isa = PBXFileReference; lastKnownFileType = sourcecode.swift; path = Constants.swift; sourceTree = "<group>"; };
		4A6A7A9F2C1D74E500B9288C /* Speeltuin.app */ = {isa = PBXFileReference; explicitFileType = wrapper.application; includeInIndex = 0; path = Speeltuin.app; sourceTree = BUILT_PRODUCTS_DIR; };
		4A6A7AA22C1D74E500B9288C /* SpeeltuinApp.swift */ = {isa = PBXFileReference; lastKnownFileType = sourcecode.swift; path = SpeeltuinApp.swift; sourceTree = "<group>"; };
		4A6A7AA42C1D74E500B9288C /* ContentView.swift */ = {isa = PBXFileReference; lastKnownFileType = sourcecode.swift; path = ContentView.swift; sourceTree = "<group>"; };
		4A6A7AA62C1D74E600B9288C /* Assets.xcassets */ = {isa = PBXFileReference; lastKnownFileType = folder.assetcatalog; path = Assets.xcassets; sourceTree = "<group>"; };
		4A6A7AA92C1D74E600B9288C /* Preview Assets.xcassets */ = {isa = PBXFileReference; lastKnownFileType = folder.assetcatalog; path = "Preview Assets.xcassets"; sourceTree = "<group>"; };
		4A6A7AAF2C1D74E600B9288C /* SpeeltuinTests.xctest */ = {isa = PBXFileReference; explicitFileType = wrapper.cfbundle; includeInIndex = 0; path = SpeeltuinTests.xctest; sourceTree = BUILT_PRODUCTS_DIR; };
		4A6A7AB32C1D74E600B9288C /* SpeeltuinTests.swift */ = {isa = PBXFileReference; lastKnownFileType = sourcecode.swift; path = SpeeltuinTests.swift; sourceTree = "<group>"; };
		4A6A7AB92C1D74E600B9288C /* SpeeltuinUITests.xctest */ = {isa = PBXFileReference; explicitFileType = wrapper.cfbundle; includeInIndex = 0; path = SpeeltuinUITests.xctest; sourceTree = BUILT_PRODUCTS_DIR; };
		4A6A7ABD2C1D74E600B9288C /* SpeeltuinUITests.swift */ = {isa = PBXFileReference; lastKnownFileType = sourcecode.swift; path = SpeeltuinUITests.swift; sourceTree = "<group>"; };
		4A6A7ABF2C1D74E600B9288C /* SpeeltuinUITestsLaunchTests.swift */ = {isa = PBXFileReference; lastKnownFileType = sourcecode.swift; path = SpeeltuinUITestsLaunchTests.swift; sourceTree = "<group>"; };
		4A6A7AD02C1D772E00B9288C /* Topic.swift */ = {isa = PBXFileReference; lastKnownFileType = sourcecode.swift; path = Topic.swift; sourceTree = "<group>"; };
		4A6A7AD92C1D782400B9288C /* TopicTextView.swift */ = {isa = PBXFileReference; lastKnownFileType = sourcecode.swift; path = TopicTextView.swift; sourceTree = "<group>"; };
		4A6A7ADB2C1D783300B9288C /* TopicImageView.swift */ = {isa = PBXFileReference; lastKnownFileType = sourcecode.swift; path = TopicImageView.swift; sourceTree = "<group>"; };
		4A6A7ADD2C1D784900B9288C /* TopicListView.swift */ = {isa = PBXFileReference; lastKnownFileType = sourcecode.swift; path = TopicListView.swift; sourceTree = "<group>"; };
		4A84FFC52C1DAFA500B15121 /* BaseTopicView.swift */ = {isa = PBXFileReference; lastKnownFileType = sourcecode.swift; path = BaseTopicView.swift; sourceTree = "<group>"; };
		4A84FFC72C1DB0B700B15121 /* README.md */ = {isa = PBXFileReference; fileEncoding = 4; lastKnownFileType = net.daringfireball.markdown; path = README.md; sourceTree = "<group>"; };
		4A84FFCA2C1DB3EA00B15121 /* TopicStateView.swift */ = {isa = PBXFileReference; lastKnownFileType = sourcecode.swift; path = TopicStateView.swift; sourceTree = "<group>"; };
		4A84FFCC2C1DD12A00B15121 /* TopicStateViewList.swift */ = {isa = PBXFileReference; lastKnownFileType = sourcecode.swift; path = TopicStateViewList.swift; sourceTree = "<group>"; };
		4A84FFCF2C1DD33700B15121 /* TopicStateViewListButton.swift */ = {isa = PBXFileReference; lastKnownFileType = sourcecode.swift; path = TopicStateViewListButton.swift; sourceTree = "<group>"; };
		4A84FFD22C1F0B4500B15121 /* AppStateObject.swift */ = {isa = PBXFileReference; lastKnownFileType = sourcecode.swift; path = AppStateObject.swift; sourceTree = "<group>"; };
		4A84FFD42C1F261200B15121 /* EnvironmentViewNew.swift */ = {isa = PBXFileReference; lastKnownFileType = sourcecode.swift; path = EnvironmentViewNew.swift; sourceTree = "<group>"; };
		4A84FFD62C1F268D00B15121 /* EnvironmentViewOld.swift */ = {isa = PBXFileReference; lastKnownFileType = sourcecode.swift; path = EnvironmentViewOld.swift; sourceTree = "<group>"; };
/* End PBXFileReference section */

/* Begin PBXFrameworksBuildPhase section */
		4A6A7A9C2C1D74E500B9288C /* Frameworks */ = {
			isa = PBXFrameworksBuildPhase;
			buildActionMask = 2147483647;
			files = (
			);
			runOnlyForDeploymentPostprocessing = 0;
		};
		4A6A7AAC2C1D74E600B9288C /* Frameworks */ = {
			isa = PBXFrameworksBuildPhase;
			buildActionMask = 2147483647;
			files = (
			);
			runOnlyForDeploymentPostprocessing = 0;
		};
		4A6A7AB62C1D74E600B9288C /* Frameworks */ = {
			isa = PBXFrameworksBuildPhase;
			buildActionMask = 2147483647;
			files = (
			);
			runOnlyForDeploymentPostprocessing = 0;
		};
/* End PBXFrameworksBuildPhase section */

/* Begin PBXGroup section */
		4A246F732C1D92D9005953F2 /* Content */ = {
			isa = PBXGroup;
			children = (
				4A6A7AD02C1D772E00B9288C /* Topic.swift */,
				4A84FFC52C1DAFA500B15121 /* BaseTopicView.swift */,
			);
			path = Content;
			sourceTree = "<group>";
		};
		4A246F742C1D92F9005953F2 /* Text */ = {
			isa = PBXGroup;
			children = (
				4A6A7AD92C1D782400B9288C /* TopicTextView.swift */,
			);
			path = Text;
			sourceTree = "<group>";
		};
		4A246F752C1D9305005953F2 /* Image */ = {
			isa = PBXGroup;
			children = (
				4A6A7ADB2C1D783300B9288C /* TopicImageView.swift */,
			);
			path = Image;
			sourceTree = "<group>";
		};
		4A246F762C1D9311005953F2 /* List */ = {
			isa = PBXGroup;
			children = (
				4A6A7ADD2C1D784900B9288C /* TopicListView.swift */,
			);
			path = List;
			sourceTree = "<group>";
		};
		4A32853F2C1F30250015C165 /* OpenWeatherApp */ = {
			isa = PBXGroup;
			children = (
				4A3285482C25F0F50015C165 /* WeatherView.swift */,
				4A32854E2C25F7720015C165 /* Models */,
			);
			path = OpenWeatherApp;
			sourceTree = "<group>";
		};
		4A32854E2C25F7720015C165 /* Models */ = {
			isa = PBXGroup;
			children = (
				4A32854A2C25F1350015C165 /* Weather.swift */,
				4A32854C2C25F2910015C165 /* Location.swift */,
				4A32854F2C25F7840015C165 /* Clients */,
			);
			path = Models;
			sourceTree = "<group>";
		};
		4A32854F2C25F7840015C165 /* Clients */ = {
			isa = PBXGroup;
			children = (
				4A3285502C25F7B00015C165 /* ApiEndpoint.swift */,
				4A3285522C25FA4B0015C165 /* GeoCodingClient.swift */,
				4A3285542C25FF590015C165 /* WeatherClient.swift */,
			);
			path = Clients;
			sourceTree = "<group>";
		};
		4A6A7A962C1D74E500B9288C = {
			isa = PBXGroup;
			children = (
				4A84FFC72C1DB0B700B15121 /* README.md */,
				4A6A7AA12C1D74E500B9288C /* Speeltuin */,
				4A6A7AB22C1D74E600B9288C /* SpeeltuinTests */,
				4A6A7ABC2C1D74E600B9288C /* SpeeltuinUITests */,
				4A6A7AA02C1D74E500B9288C /* Products */,
			);
			sourceTree = "<group>";
		};
		4A6A7AA02C1D74E500B9288C /* Products */ = {
			isa = PBXGroup;
			children = (
				4A6A7A9F2C1D74E500B9288C /* Speeltuin.app */,
				4A6A7AAF2C1D74E600B9288C /* SpeeltuinTests.xctest */,
				4A6A7AB92C1D74E600B9288C /* SpeeltuinUITests.xctest */,
			);
			name = Products;
			sourceTree = "<group>";
		};
		4A6A7AA12C1D74E500B9288C /* Speeltuin */ = {
			isa = PBXGroup;
			children = (
				4A32853F2C1F30250015C165 /* OpenWeatherApp */,
				4A84FFCE2C1DD30400B15121 /* NavigationButtons */,
				4A84FFC92C1DB3C500B15121 /* State&Binding */,
				4A246F762C1D9311005953F2 /* List */,
				4A246F752C1D9305005953F2 /* Image */,
				4A246F742C1D92F9005953F2 /* Text */,
				4A246F732C1D92D9005953F2 /* Content */,
				4A6A7AA62C1D74E600B9288C /* Assets.xcassets */,
				4A6A7AA42C1D74E500B9288C /* ContentView.swift */,
				4A6A7AA22C1D74E500B9288C /* SpeeltuinApp.swift */,
				4A6A7AA82C1D74E600B9288C /* Preview Content */,
				4A3285402C1F32010015C165 /* Config.swift */,
				4A3285562C2607A50015C165 /* Constants.swift */,
			);
			path = Speeltuin;
			sourceTree = "<group>";
		};
		4A6A7AA82C1D74E600B9288C /* Preview Content */ = {
			isa = PBXGroup;
			children = (
				4A6A7AA92C1D74E600B9288C /* Preview Assets.xcassets */,
			);
			path = "Preview Content";
			sourceTree = "<group>";
		};
		4A6A7AB22C1D74E600B9288C /* SpeeltuinTests */ = {
			isa = PBXGroup;
			children = (
				4A6A7AB32C1D74E600B9288C /* SpeeltuinTests.swift */,
			);
			path = SpeeltuinTests;
			sourceTree = "<group>";
		};
		4A6A7ABC2C1D74E600B9288C /* SpeeltuinUITests */ = {
			isa = PBXGroup;
			children = (
				4A6A7ABD2C1D74E600B9288C /* SpeeltuinUITests.swift */,
				4A6A7ABF2C1D74E600B9288C /* SpeeltuinUITestsLaunchTests.swift */,
			);
			path = SpeeltuinUITests;
			sourceTree = "<group>";
		};
		4A84FFC92C1DB3C500B15121 /* State&Binding */ = {
			isa = PBXGroup;
			children = (
				4A84FFCA2C1DB3EA00B15121 /* TopicStateView.swift */,
				4A84FFCC2C1DD12A00B15121 /* TopicStateViewList.swift */,
				4A84FFD22C1F0B4500B15121 /* AppStateObject.swift */,
				4A84FFD42C1F261200B15121 /* EnvironmentViewNew.swift */,
				4A84FFD62C1F268D00B15121 /* EnvironmentViewOld.swift */,
			);
			path = "State&Binding";
			sourceTree = "<group>";
		};
		4A84FFCE2C1DD30400B15121 /* NavigationButtons */ = {
			isa = PBXGroup;
			children = (
				4A84FFCF2C1DD33700B15121 /* TopicStateViewListButton.swift */,
			);
			path = NavigationButtons;
			sourceTree = "<group>";
		};
/* End PBXGroup section */

/* Begin PBXNativeTarget section */
		4A6A7A9E2C1D74E500B9288C /* Speeltuin */ = {
			isa = PBXNativeTarget;
			buildConfigurationList = 4A6A7AC32C1D74E600B9288C /* Build configuration list for PBXNativeTarget "Speeltuin" */;
			buildPhases = (
				4A6A7A9B2C1D74E500B9288C /* Sources */,
				4A6A7A9C2C1D74E500B9288C /* Frameworks */,
				4A6A7A9D2C1D74E500B9288C /* Resources */,
			);
			buildRules = (
			);
			dependencies = (
			);
			name = Speeltuin;
			productName = Speeltuin;
			productReference = 4A6A7A9F2C1D74E500B9288C /* Speeltuin.app */;
			productType = "com.apple.product-type.application";
		};
		4A6A7AAE2C1D74E600B9288C /* SpeeltuinTests */ = {
			isa = PBXNativeTarget;
			buildConfigurationList = 4A6A7AC62C1D74E600B9288C /* Build configuration list for PBXNativeTarget "SpeeltuinTests" */;
			buildPhases = (
				4A6A7AAB2C1D74E600B9288C /* Sources */,
				4A6A7AAC2C1D74E600B9288C /* Frameworks */,
				4A6A7AAD2C1D74E600B9288C /* Resources */,
			);
			buildRules = (
			);
			dependencies = (
				4A6A7AB12C1D74E600B9288C /* PBXTargetDependency */,
			);
			name = SpeeltuinTests;
			productName = SpeeltuinTests;
			productReference = 4A6A7AAF2C1D74E600B9288C /* SpeeltuinTests.xctest */;
			productType = "com.apple.product-type.bundle.unit-test";
		};
		4A6A7AB82C1D74E600B9288C /* SpeeltuinUITests */ = {
			isa = PBXNativeTarget;
			buildConfigurationList = 4A6A7AC92C1D74E600B9288C /* Build configuration list for PBXNativeTarget "SpeeltuinUITests" */;
			buildPhases = (
				4A6A7AB52C1D74E600B9288C /* Sources */,
				4A6A7AB62C1D74E600B9288C /* Frameworks */,
				4A6A7AB72C1D74E600B9288C /* Resources */,
			);
			buildRules = (
			);
			dependencies = (
				4A6A7ABB2C1D74E600B9288C /* PBXTargetDependency */,
			);
			name = SpeeltuinUITests;
			productName = SpeeltuinUITests;
			productReference = 4A6A7AB92C1D74E600B9288C /* SpeeltuinUITests.xctest */;
			productType = "com.apple.product-type.bundle.ui-testing";
		};
/* End PBXNativeTarget section */

/* Begin PBXProject section */
		4A6A7A972C1D74E500B9288C /* Project object */ = {
			isa = PBXProject;
			attributes = {
				BuildIndependentTargetsInParallel = 1;
				LastSwiftUpdateCheck = 1540;
				LastUpgradeCheck = 1540;
				TargetAttributes = {
					4A6A7A9E2C1D74E500B9288C = {
						CreatedOnToolsVersion = 15.4;
					};
					4A6A7AAE2C1D74E600B9288C = {
						CreatedOnToolsVersion = 15.4;
						TestTargetID = 4A6A7A9E2C1D74E500B9288C;
					};
					4A6A7AB82C1D74E600B9288C = {
						CreatedOnToolsVersion = 15.4;
						TestTargetID = 4A6A7A9E2C1D74E500B9288C;
					};
				};
			};
			buildConfigurationList = 4A6A7A9A2C1D74E500B9288C /* Build configuration list for PBXProject "Speeltuin" */;
			compatibilityVersion = "Xcode 14.0";
			developmentRegion = en;
			hasScannedForEncodings = 0;
			knownRegions = (
				en,
				Base,
			);
			mainGroup = 4A6A7A962C1D74E500B9288C;
			productRefGroup = 4A6A7AA02C1D74E500B9288C /* Products */;
			projectDirPath = "";
			projectRoot = "";
			targets = (
				4A6A7A9E2C1D74E500B9288C /* Speeltuin */,
				4A6A7AAE2C1D74E600B9288C /* SpeeltuinTests */,
				4A6A7AB82C1D74E600B9288C /* SpeeltuinUITests */,
			);
		};
/* End PBXProject section */

/* Begin PBXResourcesBuildPhase section */
		4A6A7A9D2C1D74E500B9288C /* Resources */ = {
			isa = PBXResourcesBuildPhase;
			buildActionMask = 2147483647;
			files = (
				4A84FFC82C1DB0B700B15121 /* README.md in Resources */,
				4A6A7AAA2C1D74E600B9288C /* Preview Assets.xcassets in Resources */,
				4A6A7AA72C1D74E600B9288C /* Assets.xcassets in Resources */,
			);
			runOnlyForDeploymentPostprocessing = 0;
		};
		4A6A7AAD2C1D74E600B9288C /* Resources */ = {
			isa = PBXResourcesBuildPhase;
			buildActionMask = 2147483647;
			files = (
			);
			runOnlyForDeploymentPostprocessing = 0;
		};
		4A6A7AB72C1D74E600B9288C /* Resources */ = {
			isa = PBXResourcesBuildPhase;
			buildActionMask = 2147483647;
			files = (
			);
			runOnlyForDeploymentPostprocessing = 0;
		};
/* End PBXResourcesBuildPhase section */

/* Begin PBXSourcesBuildPhase section */
		4A6A7A9B2C1D74E500B9288C /* Sources */ = {
			isa = PBXSourcesBuildPhase;
			buildActionMask = 2147483647;
			files = (
				4A3285512C25F7B00015C165 /* ApiEndpoint.swift in Sources */,
				4A84FFD72C1F268D00B15121 /* EnvironmentViewOld.swift in Sources */,
				4A32854D2C25F2910015C165 /* Location.swift in Sources */,
				4A6A7AA52C1D74E500B9288C /* ContentView.swift in Sources */,
				4A84FFC62C1DAFA500B15121 /* BaseTopicView.swift in Sources */,
				4A3285552C25FF590015C165 /* WeatherClient.swift in Sources */,
				4A3285412C1F32010015C165 /* Config.swift in Sources */,
				4A84FFD02C1DD33700B15121 /* TopicStateViewListButton.swift in Sources */,
				4A6A7ADA2C1D782400B9288C /* TopicTextView.swift in Sources */,
				4A3285492C25F0F50015C165 /* WeatherView.swift in Sources */,
				4A6A7ADE2C1D784900B9288C /* TopicListView.swift in Sources */,
				4A3285572C2607A50015C165 /* Constants.swift in Sources */,
				4A84FFD52C1F261200B15121 /* EnvironmentViewNew.swift in Sources */,
				4A84FFCD2C1DD12A00B15121 /* TopicStateViewList.swift in Sources */,
				4A6A7AD12C1D772E00B9288C /* Topic.swift in Sources */,
				4A3285532C25FA4B0015C165 /* GeoCodingClient.swift in Sources */,
				4A84FFD32C1F0B4500B15121 /* AppStateObject.swift in Sources */,
				4A84FFCB2C1DB3EA00B15121 /* TopicStateView.swift in Sources */,
				4A32854B2C25F1350015C165 /* Weather.swift in Sources */,
				4A6A7ADC2C1D783300B9288C /* TopicImageView.swift in Sources */,
				4A6A7AA32C1D74E500B9288C /* SpeeltuinApp.swift in Sources */,
			);
			runOnlyForDeploymentPostprocessing = 0;
		};
		4A6A7AAB2C1D74E600B9288C /* Sources */ = {
			isa = PBXSourcesBuildPhase;
			buildActionMask = 2147483647;
			files = (
				4A6A7AB42C1D74E600B9288C /* SpeeltuinTests.swift in Sources */,
			);
			runOnlyForDeploymentPostprocessing = 0;
		};
		4A6A7AB52C1D74E600B9288C /* Sources */ = {
			isa = PBXSourcesBuildPhase;
			buildActionMask = 2147483647;
			files = (
				4A6A7AC02C1D74E600B9288C /* SpeeltuinUITestsLaunchTests.swift in Sources */,
				4A6A7ABE2C1D74E600B9288C /* SpeeltuinUITests.swift in Sources */,
			);
			runOnlyForDeploymentPostprocessing = 0;
		};
/* End PBXSourcesBuildPhase section */

/* Begin PBXTargetDependency section */
		4A6A7AB12C1D74E600B9288C /* PBXTargetDependency */ = {
			isa = PBXTargetDependency;
			target = 4A6A7A9E2C1D74E500B9288C /* Speeltuin */;
			targetProxy = 4A6A7AB02C1D74E600B9288C /* PBXContainerItemProxy */;
		};
		4A6A7ABB2C1D74E600B9288C /* PBXTargetDependency */ = {
			isa = PBXTargetDependency;
			target = 4A6A7A9E2C1D74E500B9288C /* Speeltuin */;
			targetProxy = 4A6A7ABA2C1D74E600B9288C /* PBXContainerItemProxy */;
		};
/* End PBXTargetDependency section */

/* Begin XCBuildConfiguration section */
		4A6A7AC12C1D74E600B9288C /* Debug */ = {
			isa = XCBuildConfiguration;
			buildSettings = {
				ALWAYS_SEARCH_USER_PATHS = NO;
				ASSETCATALOG_COMPILER_GENERATE_SWIFT_ASSET_SYMBOL_EXTENSIONS = YES;
				CLANG_ANALYZER_NONNULL = YES;
				CLANG_ANALYZER_NUMBER_OBJECT_CONVERSION = YES_AGGRESSIVE;
				CLANG_CXX_LANGUAGE_STANDARD = "gnu++20";
				CLANG_ENABLE_MODULES = YES;
				CLANG_ENABLE_OBJC_ARC = YES;
				CLANG_ENABLE_OBJC_WEAK = YES;
				CLANG_WARN_BLOCK_CAPTURE_AUTORELEASING = YES;
				CLANG_WARN_BOOL_CONVERSION = YES;
				CLANG_WARN_COMMA = YES;
				CLANG_WARN_CONSTANT_CONVERSION = YES;
				CLANG_WARN_DEPRECATED_OBJC_IMPLEMENTATIONS = YES;
				CLANG_WARN_DIRECT_OBJC_ISA_USAGE = YES_ERROR;
				CLANG_WARN_DOCUMENTATION_COMMENTS = YES;
				CLANG_WARN_EMPTY_BODY = YES;
				CLANG_WARN_ENUM_CONVERSION = YES;
				CLANG_WARN_INFINITE_RECURSION = YES;
				CLANG_WARN_INT_CONVERSION = YES;
				CLANG_WARN_NON_LITERAL_NULL_CONVERSION = YES;
				CLANG_WARN_OBJC_IMPLICIT_RETAIN_SELF = YES;
				CLANG_WARN_OBJC_LITERAL_CONVERSION = YES;
				CLANG_WARN_OBJC_ROOT_CLASS = YES_ERROR;
				CLANG_WARN_QUOTED_INCLUDE_IN_FRAMEWORK_HEADER = YES;
				CLANG_WARN_RANGE_LOOP_ANALYSIS = YES;
				CLANG_WARN_STRICT_PROTOTYPES = YES;
				CLANG_WARN_SUSPICIOUS_MOVE = YES;
				CLANG_WARN_UNGUARDED_AVAILABILITY = YES_AGGRESSIVE;
				CLANG_WARN_UNREACHABLE_CODE = YES;
				CLANG_WARN__DUPLICATE_METHOD_MATCH = YES;
				COPY_PHASE_STRIP = NO;
				DEBUG_INFORMATION_FORMAT = dwarf;
				ENABLE_STRICT_OBJC_MSGSEND = YES;
				ENABLE_TESTABILITY = YES;
				ENABLE_USER_SCRIPT_SANDBOXING = YES;
				GCC_C_LANGUAGE_STANDARD = gnu17;
				GCC_DYNAMIC_NO_PIC = NO;
				GCC_NO_COMMON_BLOCKS = YES;
				GCC_OPTIMIZATION_LEVEL = 0;
				GCC_PREPROCESSOR_DEFINITIONS = (
					"DEBUG=1",
					"$(inherited)",
				);
				GCC_WARN_64_TO_32_BIT_CONVERSION = YES;
				GCC_WARN_ABOUT_RETURN_TYPE = YES_ERROR;
				GCC_WARN_UNDECLARED_SELECTOR = YES;
				GCC_WARN_UNINITIALIZED_AUTOS = YES_AGGRESSIVE;
				GCC_WARN_UNUSED_FUNCTION = YES;
				GCC_WARN_UNUSED_VARIABLE = YES;
				IPHONEOS_DEPLOYMENT_TARGET = 17.5;
				LOCALIZATION_PREFERS_STRING_CATALOGS = YES;
				MTL_ENABLE_DEBUG_INFO = INCLUDE_SOURCE;
				MTL_FAST_MATH = YES;
				ONLY_ACTIVE_ARCH = YES;
				SDKROOT = iphoneos;
				SWIFT_ACTIVE_COMPILATION_CONDITIONS = "DEBUG $(inherited)";
				SWIFT_OPTIMIZATION_LEVEL = "-Onone";
			};
			name = Debug;
		};
		4A6A7AC22C1D74E600B9288C /* Release */ = {
			isa = XCBuildConfiguration;
			buildSettings = {
				ALWAYS_SEARCH_USER_PATHS = NO;
				ASSETCATALOG_COMPILER_GENERATE_SWIFT_ASSET_SYMBOL_EXTENSIONS = YES;
				CLANG_ANALYZER_NONNULL = YES;
				CLANG_ANALYZER_NUMBER_OBJECT_CONVERSION = YES_AGGRESSIVE;
				CLANG_CXX_LANGUAGE_STANDARD = "gnu++20";
				CLANG_ENABLE_MODULES = YES;
				CLANG_ENABLE_OBJC_ARC = YES;
				CLANG_ENABLE_OBJC_WEAK = YES;
				CLANG_WARN_BLOCK_CAPTURE_AUTORELEASING = YES;
				CLANG_WARN_BOOL_CONVERSION = YES;
				CLANG_WARN_COMMA = YES;
				CLANG_WARN_CONSTANT_CONVERSION = YES;
				CLANG_WARN_DEPRECATED_OBJC_IMPLEMENTATIONS = YES;
				CLANG_WARN_DIRECT_OBJC_ISA_USAGE = YES_ERROR;
				CLANG_WARN_DOCUMENTATION_COMMENTS = YES;
				CLANG_WARN_EMPTY_BODY = YES;
				CLANG_WARN_ENUM_CONVERSION = YES;
				CLANG_WARN_INFINITE_RECURSION = YES;
				CLANG_WARN_INT_CONVERSION = YES;
				CLANG_WARN_NON_LITERAL_NULL_CONVERSION = YES;
				CLANG_WARN_OBJC_IMPLICIT_RETAIN_SELF = YES;
				CLANG_WARN_OBJC_LITERAL_CONVERSION = YES;
				CLANG_WARN_OBJC_ROOT_CLASS = YES_ERROR;
				CLANG_WARN_QUOTED_INCLUDE_IN_FRAMEWORK_HEADER = YES;
				CLANG_WARN_RANGE_LOOP_ANALYSIS = YES;
				CLANG_WARN_STRICT_PROTOTYPES = YES;
				CLANG_WARN_SUSPICIOUS_MOVE = YES;
				CLANG_WARN_UNGUARDED_AVAILABILITY = YES_AGGRESSIVE;
				CLANG_WARN_UNREACHABLE_CODE = YES;
				CLANG_WARN__DUPLICATE_METHOD_MATCH = YES;
				COPY_PHASE_STRIP = NO;
				DEBUG_INFORMATION_FORMAT = "dwarf-with-dsym";
				ENABLE_NS_ASSERTIONS = NO;
				ENABLE_STRICT_OBJC_MSGSEND = YES;
				ENABLE_USER_SCRIPT_SANDBOXING = YES;
				GCC_C_LANGUAGE_STANDARD = gnu17;
				GCC_NO_COMMON_BLOCKS = YES;
				GCC_WARN_64_TO_32_BIT_CONVERSION = YES;
				GCC_WARN_ABOUT_RETURN_TYPE = YES_ERROR;
				GCC_WARN_UNDECLARED_SELECTOR = YES;
				GCC_WARN_UNINITIALIZED_AUTOS = YES_AGGRESSIVE;
				GCC_WARN_UNUSED_FUNCTION = YES;
				GCC_WARN_UNUSED_VARIABLE = YES;
				IPHONEOS_DEPLOYMENT_TARGET = 17.5;
				LOCALIZATION_PREFERS_STRING_CATALOGS = YES;
				MTL_ENABLE_DEBUG_INFO = NO;
				MTL_FAST_MATH = YES;
				SDKROOT = iphoneos;
				SWIFT_COMPILATION_MODE = wholemodule;
				VALIDATE_PRODUCT = YES;
			};
			name = Release;
		};
		4A6A7AC42C1D74E600B9288C /* Debug */ = {
			isa = XCBuildConfiguration;
			buildSettings = {
				ASSETCATALOG_COMPILER_APPICON_NAME = AppIcon;
				ASSETCATALOG_COMPILER_GLOBAL_ACCENT_COLOR_NAME = AccentColor;
				CODE_SIGN_STYLE = Automatic;
				CURRENT_PROJECT_VERSION = 1;
				DEVELOPMENT_ASSET_PATHS = "\"Speeltuin/Preview Content\"";
				DEVELOPMENT_TEAM = V377KJ6RDJ;
				ENABLE_PREVIEWS = YES;
				GENERATE_INFOPLIST_FILE = YES;
				INFOPLIST_KEY_UIApplicationSceneManifest_Generation = YES;
				INFOPLIST_KEY_UIApplicationSupportsIndirectInputEvents = YES;
				INFOPLIST_KEY_UILaunchScreen_Generation = YES;
				INFOPLIST_KEY_UISupportedInterfaceOrientations_iPad = "UIInterfaceOrientationPortrait UIInterfaceOrientationPortraitUpsideDown UIInterfaceOrientationLandscapeLeft UIInterfaceOrientationLandscapeRight";
				INFOPLIST_KEY_UISupportedInterfaceOrientations_iPhone = "UIInterfaceOrientationPortrait UIInterfaceOrientationLandscapeLeft UIInterfaceOrientationLandscapeRight";
				LD_RUNPATH_SEARCH_PATHS = (
					"$(inherited)",
					"@executable_path/Frameworks",
				);
				MARKETING_VERSION = 1.0;
				PRODUCT_BUNDLE_IDENTIFIER = eu.cznlde.Speeltuin;
				PRODUCT_NAME = "$(TARGET_NAME)";
				SWIFT_EMIT_LOC_STRINGS = YES;
				SWIFT_VERSION = 5.0;
				TARGETED_DEVICE_FAMILY = "1,2";
			};
			name = Debug;
		};
		4A6A7AC52C1D74E600B9288C /* Release */ = {
			isa = XCBuildConfiguration;
			buildSettings = {
				ASSETCATALOG_COMPILER_APPICON_NAME = AppIcon;
				ASSETCATALOG_COMPILER_GLOBAL_ACCENT_COLOR_NAME = AccentColor;
				CODE_SIGN_STYLE = Automatic;
				CURRENT_PROJECT_VERSION = 1;
				DEVELOPMENT_ASSET_PATHS = "\"Speeltuin/Preview Content\"";
				DEVELOPMENT_TEAM = V377KJ6RDJ;
				ENABLE_PREVIEWS = YES;
				GENERATE_INFOPLIST_FILE = YES;
				INFOPLIST_KEY_UIApplicationSceneManifest_Generation = YES;
				INFOPLIST_KEY_UIApplicationSupportsIndirectInputEvents = YES;
				INFOPLIST_KEY_UILaunchScreen_Generation = YES;
				INFOPLIST_KEY_UISupportedInterfaceOrientations_iPad = "UIInterfaceOrientationPortrait UIInterfaceOrientationPortraitUpsideDown UIInterfaceOrientationLandscapeLeft UIInterfaceOrientationLandscapeRight";
				INFOPLIST_KEY_UISupportedInterfaceOrientations_iPhone = "UIInterfaceOrientationPortrait UIInterfaceOrientationLandscapeLeft UIInterfaceOrientationLandscapeRight";
				LD_RUNPATH_SEARCH_PATHS = (
					"$(inherited)",
					"@executable_path/Frameworks",
				);
				MARKETING_VERSION = 1.0;
				PRODUCT_BUNDLE_IDENTIFIER = eu.cznlde.Speeltuin;
				PRODUCT_NAME = "$(TARGET_NAME)";
				SWIFT_EMIT_LOC_STRINGS = YES;
				SWIFT_VERSION = 5.0;
				TARGETED_DEVICE_FAMILY = "1,2";
			};
			name = Release;
		};
		4A6A7AC72C1D74E600B9288C /* Debug */ = {
			isa = XCBuildConfiguration;
			buildSettings = {
				ALWAYS_EMBED_SWIFT_STANDARD_LIBRARIES = YES;
				BUNDLE_LOADER = "$(TEST_HOST)";
				CODE_SIGN_STYLE = Automatic;
				CURRENT_PROJECT_VERSION = 1;
				DEVELOPMENT_TEAM = V377KJ6RDJ;
				GENERATE_INFOPLIST_FILE = YES;
				IPHONEOS_DEPLOYMENT_TARGET = 17.5;
				MARKETING_VERSION = 1.0;
				PRODUCT_BUNDLE_IDENTIFIER = eu.cznlde.SpeeltuinTests;
				PRODUCT_NAME = "$(TARGET_NAME)";
				SWIFT_EMIT_LOC_STRINGS = NO;
				SWIFT_VERSION = 5.0;
				TARGETED_DEVICE_FAMILY = "1,2";
				TEST_HOST = "$(BUILT_PRODUCTS_DIR)/Speeltuin.app/$(BUNDLE_EXECUTABLE_FOLDER_PATH)/Speeltuin";
			};
			name = Debug;
		};
		4A6A7AC82C1D74E600B9288C /* Release */ = {
			isa = XCBuildConfiguration;
			buildSettings = {
				ALWAYS_EMBED_SWIFT_STANDARD_LIBRARIES = YES;
				BUNDLE_LOADER = "$(TEST_HOST)";
				CODE_SIGN_STYLE = Automatic;
				CURRENT_PROJECT_VERSION = 1;
				DEVELOPMENT_TEAM = V377KJ6RDJ;
				GENERATE_INFOPLIST_FILE = YES;
				IPHONEOS_DEPLOYMENT_TARGET = 17.5;
				MARKETING_VERSION = 1.0;
				PRODUCT_BUNDLE_IDENTIFIER = eu.cznlde.SpeeltuinTests;
				PRODUCT_NAME = "$(TARGET_NAME)";
				SWIFT_EMIT_LOC_STRINGS = NO;
				SWIFT_VERSION = 5.0;
				TARGETED_DEVICE_FAMILY = "1,2";
				TEST_HOST = "$(BUILT_PRODUCTS_DIR)/Speeltuin.app/$(BUNDLE_EXECUTABLE_FOLDER_PATH)/Speeltuin";
			};
			name = Release;
		};
		4A6A7ACA2C1D74E600B9288C /* Debug */ = {
			isa = XCBuildConfiguration;
			buildSettings = {
				ALWAYS_EMBED_SWIFT_STANDARD_LIBRARIES = YES;
				CODE_SIGN_STYLE = Automatic;
				CURRENT_PROJECT_VERSION = 1;
				DEVELOPMENT_TEAM = V377KJ6RDJ;
				GENERATE_INFOPLIST_FILE = YES;
				MARKETING_VERSION = 1.0;
				PRODUCT_BUNDLE_IDENTIFIER = eu.cznlde.SpeeltuinUITests;
				PRODUCT_NAME = "$(TARGET_NAME)";
				SWIFT_EMIT_LOC_STRINGS = NO;
				SWIFT_VERSION = 5.0;
				TARGETED_DEVICE_FAMILY = "1,2";
				TEST_TARGET_NAME = Speeltuin;
			};
			name = Debug;
		};
		4A6A7ACB2C1D74E600B9288C /* Release */ = {
			isa = XCBuildConfiguration;
			buildSettings = {
				ALWAYS_EMBED_SWIFT_STANDARD_LIBRARIES = YES;
				CODE_SIGN_STYLE = Automatic;
				CURRENT_PROJECT_VERSION = 1;
				DEVELOPMENT_TEAM = V377KJ6RDJ;
				GENERATE_INFOPLIST_FILE = YES;
				MARKETING_VERSION = 1.0;
				PRODUCT_BUNDLE_IDENTIFIER = eu.cznlde.SpeeltuinUITests;
				PRODUCT_NAME = "$(TARGET_NAME)";
				SWIFT_EMIT_LOC_STRINGS = NO;
				SWIFT_VERSION = 5.0;
				TARGETED_DEVICE_FAMILY = "1,2";
				TEST_TARGET_NAME = Speeltuin;
			};
			name = Release;
		};
/* End XCBuildConfiguration section */

/* Begin XCConfigurationList section */
		4A6A7A9A2C1D74E500B9288C /* Build configuration list for PBXProject "Speeltuin" */ = {
			isa = XCConfigurationList;
			buildConfigurations = (
				4A6A7AC12C1D74E600B9288C /* Debug */,
				4A6A7AC22C1D74E600B9288C /* Release */,
			);
			defaultConfigurationIsVisible = 0;
			defaultConfigurationName = Release;
		};
		4A6A7AC32C1D74E600B9288C /* Build configuration list for PBXNativeTarget "Speeltuin" */ = {
			isa = XCConfigurationList;
			buildConfigurations = (
				4A6A7AC42C1D74E600B9288C /* Debug */,
				4A6A7AC52C1D74E600B9288C /* Release */,
			);
			defaultConfigurationIsVisible = 0;
			defaultConfigurationName = Release;
		};
		4A6A7AC62C1D74E600B9288C /* Build configuration list for PBXNativeTarget "SpeeltuinTests" */ = {
			isa = XCConfigurationList;
			buildConfigurations = (
				4A6A7AC72C1D74E600B9288C /* Debug */,
				4A6A7AC82C1D74E600B9288C /* Release */,
			);
			defaultConfigurationIsVisible = 0;
			defaultConfigurationName = Release;
		};
		4A6A7AC92C1D74E600B9288C /* Build configuration list for PBXNativeTarget "SpeeltuinUITests" */ = {
			isa = XCConfigurationList;
			buildConfigurations = (
				4A6A7ACA2C1D74E600B9288C /* Debug */,
				4A6A7ACB2C1D74E600B9288C /* Release */,
			);
			defaultConfigurationIsVisible = 0;
			defaultConfigurationName = Release;
		};
/* End XCConfigurationList section */
	};
	rootObject = 4A6A7A972C1D74E500B9288C /* Project object */;
}
